Microsoft Visual Studio Solution File, Format Version 12.00
# Visual Studio Version 17
VisualStudioVersion = 17.4.33110.190
MinimumVisualStudioVersion = 15.0.26124.0
Project("{2150E333-8FDC-42A3-9474-1A3956D46DE8}") = "Solution Items", "Solution Items", "{CDCAC7AD-CC40-4F52-98A0-E16B99AC6119}"
	ProjectSection(SolutionItems) = preProject
		.editorconfig = .editorconfig
		docker-compose.yml = docker-compose.yml
		Dockerfile = Dockerfile
		README.md = README.md
	EndProjectSection
EndProject
Project("{2150E333-8FDC-42A3-9474-1A3956D46DE8}") = "src", "src", "{8A196B28-AF56-4B42-8EE3-2072E3C5863E}"
EndProject
Project("{9A19103F-16F7-4668-BE54-9A1E7A4F7556}") = "TodoApp.Infrastructure", "src\TodoApp.Infrastructure\TodoApp.Infrastructure.csproj", "{3873C7A9-BFC7-4FC1-8EAA-5D2E2C4700C1}"
EndProject
Project("{9A19103F-16F7-4668-BE54-9A1E7A4F7556}") = "TodoApp.Domain", "src\TodoApp.Domain\TodoApp.Domain.csproj", "{80C99459-ACCA-4315-8290-C201845D269B}"
EndProject
Project("{9A19103F-16F7-4668-BE54-9A1E7A4F7556}") = "TodoApp.Application", "src\TodoApp.Application\TodoApp.Application.csproj", "{766E2036-3D91-4F80-8520-FDA59B6F6C93}"
EndProject
Project("{9A19103F-16F7-4668-BE54-9A1E7A4F7556}") = "TodoApp.Api.Http", "src\TodoApp\TodoApp.Api.Http.csproj", "{7276C8BB-CAFB-4744-B7E2-DE525D21525B}"
EndProject
Project("{2150E333-8FDC-42A3-9474-1A3956D46DE8}") = "entrypoint", "entrypoint", "{3ED07431-1657-4347-9916-A49332BFA610}"
EndProject
Global
	GlobalSection(SolutionConfigurationPlatforms) = preSolution
		Debug|Any CPU = Debug|Any CPU
		Release|Any CPU = Release|Any CPU
	EndGlobalSection
	GlobalSection(ProjectConfigurationPlatforms) = postSolution
		{3873C7A9-BFC7-4FC1-8EAA-5D2E2C4700C1}.Debug|Any CPU.ActiveCfg = Debug|Any CPU
		{3873C7A9-BFC7-4FC1-8EAA-5D2E2C4700C1}.Debug|Any CPU.Build.0 = Debug|Any CPU
		{3873C7A9-BFC7-4FC1-8EAA-5D2E2C4700C1}.Release|Any CPU.ActiveCfg = Release|Any CPU
		{3873C7A9-BFC7-4FC1-8EAA-5D2E2C4700C1}.Release|Any CPU.Build.0 = Release|Any CPU
		{80C99459-ACCA-4315-8290-C201845D269B}.Debug|Any CPU.ActiveCfg = Debug|Any CPU
		{80C99459-ACCA-4315-8290-C201845D269B}.Debug|Any CPU.Build.0 = Debug|Any CPU
		{80C99459-ACCA-4315-8290-C201845D269B}.Release|Any CPU.ActiveCfg = Release|Any CPU
		{80C99459-ACCA-4315-8290-C201845D269B}.Release|Any CPU.Build.0 = Release|Any CPU
		{766E2036-3D91-4F80-8520-FDA59B6F6C93}.Debug|Any CPU.ActiveCfg = Debug|Any CPU
		{766E2036-3D91-4F80-8520-FDA59B6F6C93}.Debug|Any CPU.Build.0 = Debug|Any CPU
		{766E2036-3D91-4F80-8520-FDA59B6F6C93}.Release|Any CPU.ActiveCfg = Release|Any CPU
		{766E2036-3D91-4F80-8520-FDA59B6F6C93}.Release|Any CPU.Build.0 = Release|Any CPU
		{7276C8BB-CAFB-4744-B7E2-DE525D21525B}.Debug|Any CPU.ActiveCfg = Debug|Any CPU
		{7276C8BB-CAFB-4744-B7E2-DE525D21525B}.Debug|Any CPU.Build.0 = Debug|Any CPU
		{7276C8BB-CAFB-4744-B7E2-DE525D21525B}.Release|Any CPU.ActiveCfg = Release|Any CPU
		{7276C8BB-CAFB-4744-B7E2-DE525D21525B}.Release|Any CPU.Build.0 = Release|Any CPU
	EndGlobalSection
	GlobalSection(SolutionProperties) = preSolution
		HideSolutionNode = FALSE
	EndGlobalSection
	GlobalSection(NestedProjects) = preSolution
		{3873C7A9-BFC7-4FC1-8EAA-5D2E2C4700C1} = {8A196B28-AF56-4B42-8EE3-2072E3C5863E}
		{80C99459-ACCA-4315-8290-C201845D269B} = {8A196B28-AF56-4B42-8EE3-2072E3C5863E}
		{766E2036-3D91-4F80-8520-FDA59B6F6C93} = {8A196B28-AF56-4B42-8EE3-2072E3C5863E}
		{7276C8BB-CAFB-4744-B7E2-DE525D21525B} = {3ED07431-1657-4347-9916-A49332BFA610}
		{3ED07431-1657-4347-9916-A49332BFA610} = {8A196B28-AF56-4B42-8EE3-2072E3C5863E}
	EndGlobalSection
	GlobalSection(ExtensibilityGlobals) = postSolution
		SolutionGuid = {EEB27A2B-39CA-47A3-A6B6-038C523FCC72}
	EndGlobalSection
EndGlobal
